// !$*UTF8*$!
{
	archiveVersion = 1;
	classes = {
	};
	objectVersion = 56;
	objects = {

/* Begin PBXBuildFile section */
		5B196CD62C301C52008C34EF /* AuthViewController.swift in Sources */ = {isa = PBXBuildFile; fileRef = 5B196CD52C301C52008C34EF /* AuthViewController.swift */; };
		5B196CD92C302408008C34EF /* WebViewViewController.swift in Sources */ = {isa = PBXBuildFile; fileRef = 5B196CD82C302408008C34EF /* WebViewViewController.swift */; };
		5B196CDB2C304588008C34EF /* OAuth2Service.swift in Sources */ = {isa = PBXBuildFile; fileRef = 5B196CDA2C304588008C34EF /* OAuth2Service.swift */; };
		5B196CDE2C305E91008C34EF /* URLSession+Data.swift in Sources */ = {isa = PBXBuildFile; fileRef = 5B196CDD2C305E91008C34EF /* URLSession+Data.swift */; };
		5B196CE02C305F8E008C34EF /* OAuthTokenResponseBody.swift in Sources */ = {isa = PBXBuildFile; fileRef = 5B196CDF2C305F8E008C34EF /* OAuthTokenResponseBody.swift */; };
		5B196CE22C30604D008C34EF /* OAuth2TokenStorage.swift in Sources */ = {isa = PBXBuildFile; fileRef = 5B196CE12C30604D008C34EF /* OAuth2TokenStorage.swift */; };
		5B196CE42C306C17008C34EF /* SplashViewController.swift in Sources */ = {isa = PBXBuildFile; fileRef = 5B196CE32C306C17008C34EF /* SplashViewController.swift */; };
		5B54A1792C1B348E000F7302 /* ProfileViewController.swift in Sources */ = {isa = PBXBuildFile; fileRef = 5B54A1782C1B348E000F7302 /* ProfileViewController.swift */; };
		5B69A3092C0B626E0057123F /* AppDelegate.swift in Sources */ = {isa = PBXBuildFile; fileRef = 5B69A3082C0B626E0057123F /* AppDelegate.swift */; };
		5B69A30B2C0B626E0057123F /* SceneDelegate.swift in Sources */ = {isa = PBXBuildFile; fileRef = 5B69A30A2C0B626E0057123F /* SceneDelegate.swift */; };
		5B69A30D2C0B626E0057123F /* ImagesListViewController.swift in Sources */ = {isa = PBXBuildFile; fileRef = 5B69A30C2C0B626E0057123F /* ImagesListViewController.swift */; };
		5B69A3122C0B626F0057123F /* Assets.xcassets in Resources */ = {isa = PBXBuildFile; fileRef = 5B69A3112C0B626F0057123F /* Assets.xcassets */; };
		5B69A3152C0B626F0057123F /* Base in Resources */ = {isa = PBXBuildFile; fileRef = 5B69A3142C0B626F0057123F /* Base */; };
		5B69A31E2C0B7E0A0057123F /* ImagesListCell.swift in Sources */ = {isa = PBXBuildFile; fileRef = 5B69A31D2C0B7E0A0057123F /* ImagesListCell.swift */; };
		5B69A3212C0B93400057123F /* Constants.swift in Sources */ = {isa = PBXBuildFile; fileRef = 5B69A3202C0B93400057123F /* Constants.swift */; };
		5B69A3232C0B96490057123F /* UIColor+Extension.swift in Sources */ = {isa = PBXBuildFile; fileRef = 5B69A3222C0B96490057123F /* UIColor+Extension.swift */; };
		5B7B29462C1CC5C9005533D2 /* TabBarViewController.swift in Sources */ = {isa = PBXBuildFile; fileRef = 5B7B29452C1CC5C9005533D2 /* TabBarViewController.swift */; };
		5B7B29482C1CCEAE005533D2 /* SingleImageViewController.swift in Sources */ = {isa = PBXBuildFile; fileRef = 5B7B29472C1CCEAE005533D2 /* SingleImageViewController.swift */; };
		5B7CFFC92C429E6600A43C4F /* UIBlockingProgressHUD.swift in Sources */ = {isa = PBXBuildFile; fileRef = 5B7CFFC82C429E6600A43C4F /* UIBlockingProgressHUD.swift */; };
		5B7CFFCB2C42A6D400A43C4F /* ProfileService.swift in Sources */ = {isa = PBXBuildFile; fileRef = 5B7CFFCA2C42A6D400A43C4F /* ProfileService.swift */; };
		5B7CFFCD2C43032100A43C4F /* ProfileImageService.swift in Sources */ = {isa = PBXBuildFile; fileRef = 5B7CFFCC2C43032100A43C4F /* ProfileImageService.swift */; };
		5BB462F52C403AB2003672F9 /* ProgressHUD in Frameworks */ = {isa = PBXBuildFile; productRef = 5BB462F42C403AB2003672F9 /* ProgressHUD */; };
		5BC5A08A2C4437DB009697F1 /* Kingfisher in Frameworks */ = {isa = PBXBuildFile; productRef = 5BC5A0892C4437DB009697F1 /* Kingfisher */; };
		5BCA62312C1E178A007850E6 /* UIView+Extension.swift in Sources */ = {isa = PBXBuildFile; fileRef = 5BCA62302C1E178A007850E6 /* UIView+Extension.swift */; };
		5BFB30A52C44F62500E80746 /* SwiftKeychainWrapper in Frameworks */ = {isa = PBXBuildFile; productRef = 5BFB30A42C44F62500E80746 /* SwiftKeychainWrapper */; };
/* End PBXBuildFile section */

/* Begin PBXFileReference section */
		5B196CD52C301C52008C34EF /* AuthViewController.swift */ = {isa = PBXFileReference; lastKnownFileType = sourcecode.swift; path = AuthViewController.swift; sourceTree = "<group>"; };
		5B196CD82C302408008C34EF /* WebViewViewController.swift */ = {isa = PBXFileReference; lastKnownFileType = sourcecode.swift; path = WebViewViewController.swift; sourceTree = "<group>"; };
		5B196CDA2C304588008C34EF /* OAuth2Service.swift */ = {isa = PBXFileReference; lastKnownFileType = sourcecode.swift; path = OAuth2Service.swift; sourceTree = "<group>"; };
		5B196CDD2C305E91008C34EF /* URLSession+Data.swift */ = {isa = PBXFileReference; lastKnownFileType = sourcecode.swift; path = "URLSession+Data.swift"; sourceTree = "<group>"; };
		5B196CDF2C305F8E008C34EF /* OAuthTokenResponseBody.swift */ = {isa = PBXFileReference; lastKnownFileType = sourcecode.swift; path = OAuthTokenResponseBody.swift; sourceTree = "<group>"; };
		5B196CE12C30604D008C34EF /* OAuth2TokenStorage.swift */ = {isa = PBXFileReference; lastKnownFileType = sourcecode.swift; path = OAuth2TokenStorage.swift; sourceTree = "<group>"; };
		5B196CE32C306C17008C34EF /* SplashViewController.swift */ = {isa = PBXFileReference; lastKnownFileType = sourcecode.swift; path = SplashViewController.swift; sourceTree = "<group>"; };
		5B54A1782C1B348E000F7302 /* ProfileViewController.swift */ = {isa = PBXFileReference; lastKnownFileType = sourcecode.swift; path = ProfileViewController.swift; sourceTree = "<group>"; };
		5B69A3052C0B626E0057123F /* ImageFeed.app */ = {isa = PBXFileReference; explicitFileType = wrapper.application; includeInIndex = 0; path = ImageFeed.app; sourceTree = BUILT_PRODUCTS_DIR; };
		5B69A3082C0B626E0057123F /* AppDelegate.swift */ = {isa = PBXFileReference; lastKnownFileType = sourcecode.swift; path = AppDelegate.swift; sourceTree = "<group>"; };
		5B69A30A2C0B626E0057123F /* SceneDelegate.swift */ = {isa = PBXFileReference; lastKnownFileType = sourcecode.swift; path = SceneDelegate.swift; sourceTree = "<group>"; };
		5B69A30C2C0B626E0057123F /* ImagesListViewController.swift */ = {isa = PBXFileReference; lastKnownFileType = sourcecode.swift; path = ImagesListViewController.swift; sourceTree = "<group>"; };
		5B69A3112C0B626F0057123F /* Assets.xcassets */ = {isa = PBXFileReference; lastKnownFileType = folder.assetcatalog; path = Assets.xcassets; sourceTree = "<group>"; };
		5B69A3142C0B626F0057123F /* Base */ = {isa = PBXFileReference; lastKnownFileType = file.storyboard; name = Base; path = Base.lproj/LaunchScreen.storyboard; sourceTree = "<group>"; };
		5B69A3162C0B626F0057123F /* Info.plist */ = {isa = PBXFileReference; lastKnownFileType = text.plist.xml; path = Info.plist; sourceTree = "<group>"; };
		5B69A31D2C0B7E0A0057123F /* ImagesListCell.swift */ = {isa = PBXFileReference; lastKnownFileType = sourcecode.swift; path = ImagesListCell.swift; sourceTree = "<group>"; };
		5B69A3202C0B93400057123F /* Constants.swift */ = {isa = PBXFileReference; lastKnownFileType = sourcecode.swift; path = Constants.swift; sourceTree = "<group>"; };
		5B69A3222C0B96490057123F /* UIColor+Extension.swift */ = {isa = PBXFileReference; lastKnownFileType = sourcecode.swift; path = "UIColor+Extension.swift"; sourceTree = "<group>"; };
		5B7B29452C1CC5C9005533D2 /* TabBarViewController.swift */ = {isa = PBXFileReference; lastKnownFileType = sourcecode.swift; path = TabBarViewController.swift; sourceTree = "<group>"; };
		5B7B29472C1CCEAE005533D2 /* SingleImageViewController.swift */ = {isa = PBXFileReference; lastKnownFileType = sourcecode.swift; path = SingleImageViewController.swift; sourceTree = "<group>"; };
		5B7CFFC82C429E6600A43C4F /* UIBlockingProgressHUD.swift */ = {isa = PBXFileReference; lastKnownFileType = sourcecode.swift; path = UIBlockingProgressHUD.swift; sourceTree = "<group>"; };
		5B7CFFCA2C42A6D400A43C4F /* ProfileService.swift */ = {isa = PBXFileReference; lastKnownFileType = sourcecode.swift; path = ProfileService.swift; sourceTree = "<group>"; };
		5B7CFFCC2C43032100A43C4F /* ProfileImageService.swift */ = {isa = PBXFileReference; lastKnownFileType = sourcecode.swift; path = ProfileImageService.swift; sourceTree = "<group>"; };
		5BCA62302C1E178A007850E6 /* UIView+Extension.swift */ = {isa = PBXFileReference; lastKnownFileType = sourcecode.swift; path = "UIView+Extension.swift"; sourceTree = "<group>"; };
/* End PBXFileReference section */

/* Begin PBXFrameworksBuildPhase section */
		5B69A3022C0B626E0057123F /* Frameworks */ = {
			isa = PBXFrameworksBuildPhase;
			buildActionMask = 2147483647;
			files = (
				5BC5A08A2C4437DB009697F1 /* Kingfisher in Frameworks */,
				5BB462F52C403AB2003672F9 /* ProgressHUD in Frameworks */,
				5BFB30A52C44F62500E80746 /* SwiftKeychainWrapper in Frameworks */,
			);
			runOnlyForDeploymentPostprocessing = 0;
		};
/* End PBXFrameworksBuildPhase section */

/* Begin PBXGroup section */
		5B038DD62C31C1EE00053458 /* SplashViewController */ = {
			isa = PBXGroup;
			children = (
				5B196CE32C306C17008C34EF /* SplashViewController.swift */,
			);
			path = SplashViewController;
			sourceTree = "<group>";
		};
		5B196CD72C3022E3008C34EF /* Auth */ = {
			isa = PBXGroup;
			children = (
				5B196CD52C301C52008C34EF /* AuthViewController.swift */,
				5B196CD82C302408008C34EF /* WebViewViewController.swift */,
			);
			path = Auth;
			sourceTree = "<group>";
		};
		5B196CDC2C30470E008C34EF /* Services */ = {
			isa = PBXGroup;
			children = (
				5B196CE12C30604D008C34EF /* OAuth2TokenStorage.swift */,
				5B196CDA2C304588008C34EF /* OAuth2Service.swift */,
				5B196CDF2C305F8E008C34EF /* OAuthTokenResponseBody.swift */,
				5B7CFFCA2C42A6D400A43C4F /* ProfileService.swift */,
				5B7CFFCC2C43032100A43C4F /* ProfileImageService.swift */,
			);
			path = Services;
			sourceTree = "<group>";
		};
		5B69A2FC2C0B626E0057123F = {
			isa = PBXGroup;
			children = (
				5B69A3072C0B626E0057123F /* ImageFeed */,
				5B69A3062C0B626E0057123F /* Products */,
			);
			sourceTree = "<group>";
		};
		5B69A3062C0B626E0057123F /* Products */ = {
			isa = PBXGroup;
			children = (
				5B69A3052C0B626E0057123F /* ImageFeed.app */,
			);
			name = Products;
			sourceTree = "<group>";
		};
		5B69A3072C0B626E0057123F /* ImageFeed */ = {
			isa = PBXGroup;
			children = (
				5B69A3252C0B9F9D0057123F /* App */,
				5B69A3242C0B96600057123F /* Helpers */,
				5B196CDC2C30470E008C34EF /* Services */,
				5BCA62322C1F30C0007850E6 /* TabBarController */,
				5B038DD62C31C1EE00053458 /* SplashViewController */,
				5B196CD72C3022E3008C34EF /* Auth */,
				5BCA622E2C1E131F007850E6 /* Profile */,
				5BCA622F2C1E132D007850E6 /* SingleImageView */,
				5B69A31F2C0B7E280057123F /* ImagesList */,
				5B69A31C2C0B78FF0057123F /* Resources */,
			);
			path = ImageFeed;
			sourceTree = "<group>";
		};
		5B69A31C2C0B78FF0057123F /* Resources */ = {
			isa = PBXGroup;
			children = (
				5B69A3132C0B626F0057123F /* LaunchScreen.storyboard */,
				5B69A3112C0B626F0057123F /* Assets.xcassets */,
				5B69A3162C0B626F0057123F /* Info.plist */,
			);
			path = Resources;
			sourceTree = "<group>";
		};
		5B69A31F2C0B7E280057123F /* ImagesList */ = {
			isa = PBXGroup;
			children = (
				5B69A31D2C0B7E0A0057123F /* ImagesListCell.swift */,
				5B69A30C2C0B626E0057123F /* ImagesListViewController.swift */,
			);
			path = ImagesList;
			sourceTree = "<group>";
		};
		5B69A3242C0B96600057123F /* Helpers */ = {
			isa = PBXGroup;
			children = (
				5B69A3202C0B93400057123F /* Constants.swift */,
				5B69A3222C0B96490057123F /* UIColor+Extension.swift */,
				5BCA62302C1E178A007850E6 /* UIView+Extension.swift */,
				5B196CDD2C305E91008C34EF /* URLSession+Data.swift */,
				5B7CFFC82C429E6600A43C4F /* UIBlockingProgressHUD.swift */,
			);
			path = Helpers;
			sourceTree = "<group>";
		};
		5B69A3252C0B9F9D0057123F /* App */ = {
			isa = PBXGroup;
			children = (
				5B69A3082C0B626E0057123F /* AppDelegate.swift */,
				5B69A30A2C0B626E0057123F /* SceneDelegate.swift */,
			);
			path = App;
			sourceTree = "<group>";
		};
		5BCA622E2C1E131F007850E6 /* Profile */ = {
			isa = PBXGroup;
			children = (
				5B54A1782C1B348E000F7302 /* ProfileViewController.swift */,
			);
			path = Profile;
			sourceTree = "<group>";
		};
		5BCA622F2C1E132D007850E6 /* SingleImageView */ = {
			isa = PBXGroup;
			children = (
				5B7B29472C1CCEAE005533D2 /* SingleImageViewController.swift */,
			);
			path = SingleImageView;
			sourceTree = "<group>";
		};
		5BCA62322C1F30C0007850E6 /* TabBarController */ = {
			isa = PBXGroup;
			children = (
				5B7B29452C1CC5C9005533D2 /* TabBarViewController.swift */,
			);
			path = TabBarController;
			sourceTree = "<group>";
		};
/* End PBXGroup section */

/* Begin PBXNativeTarget section */
		5B69A3042C0B626E0057123F /* ImageFeed */ = {
			isa = PBXNativeTarget;
			buildConfigurationList = 5B69A3192C0B626F0057123F /* Build configuration list for PBXNativeTarget "ImageFeed" */;
			buildPhases = (
				5B69A3012C0B626E0057123F /* Sources */,
				5B69A3022C0B626E0057123F /* Frameworks */,
				5B69A3032C0B626E0057123F /* Resources */,
			);
			buildRules = (
			);
			dependencies = (
			);
			name = ImageFeed;
			packageProductDependencies = (
				5BB462F42C403AB2003672F9 /* ProgressHUD */,
				5BC5A0892C4437DB009697F1 /* Kingfisher */,
				5BFB30A42C44F62500E80746 /* SwiftKeychainWrapper */,
			);
			productName = ImageFeed;
			productReference = 5B69A3052C0B626E0057123F /* ImageFeed.app */;
			productType = "com.apple.product-type.application";
		};
/* End PBXNativeTarget section */

/* Begin PBXProject section */
		5B69A2FD2C0B626E0057123F /* Project object */ = {
			isa = PBXProject;
			attributes = {
				BuildIndependentTargetsInParallel = 1;
				LastSwiftUpdateCheck = 1540;
				LastUpgradeCheck = 1540;
				TargetAttributes = {
					5B69A3042C0B626E0057123F = {
						CreatedOnToolsVersion = 15.4;
					};
				};
			};
			buildConfigurationList = 5B69A3002C0B626E0057123F /* Build configuration list for PBXProject "ImageFeed" */;
			compatibilityVersion = "Xcode 14.0";
			developmentRegion = en;
			hasScannedForEncodings = 0;
			knownRegions = (
				en,
				Base,
			);
			mainGroup = 5B69A2FC2C0B626E0057123F;
			packageReferences = (
				5BB462F32C403AB2003672F9 /* XCRemoteSwiftPackageReference "ProgressHUD" */,
				5BC5A0882C4437DB009697F1 /* XCRemoteSwiftPackageReference "Kingfisher" */,
				5BFB30A32C44F62500E80746 /* XCRemoteSwiftPackageReference "SwiftKeychainWrapper" */,
			);
			productRefGroup = 5B69A3062C0B626E0057123F /* Products */;
			projectDirPath = "";
			projectRoot = "";
			targets = (
				5B69A3042C0B626E0057123F /* ImageFeed */,
			);
		};
/* End PBXProject section */

/* Begin PBXResourcesBuildPhase section */
		5B69A3032C0B626E0057123F /* Resources */ = {
			isa = PBXResourcesBuildPhase;
			buildActionMask = 2147483647;
			files = (
				5B69A3122C0B626F0057123F /* Assets.xcassets in Resources */,
				5B69A3152C0B626F0057123F /* Base in Resources */,
			);
			runOnlyForDeploymentPostprocessing = 0;
		};
/* End PBXResourcesBuildPhase section */

/* Begin PBXSourcesBuildPhase section */
		5B69A3012C0B626E0057123F /* Sources */ = {
			isa = PBXSourcesBuildPhase;
			buildActionMask = 2147483647;
			files = (
				5B196CDE2C305E91008C34EF /* URLSession+Data.swift in Sources */,
				5B196CD62C301C52008C34EF /* AuthViewController.swift in Sources */,
				5B7B29462C1CC5C9005533D2 /* TabBarViewController.swift in Sources */,
				5B196CE42C306C17008C34EF /* SplashViewController.swift in Sources */,
				5B196CDB2C304588008C34EF /* OAuth2Service.swift in Sources */,
				5B7B29482C1CCEAE005533D2 /* SingleImageViewController.swift in Sources */,
				5B69A3212C0B93400057123F /* Constants.swift in Sources */,
				5B69A30D2C0B626E0057123F /* ImagesListViewController.swift in Sources */,
				5B69A31E2C0B7E0A0057123F /* ImagesListCell.swift in Sources */,
				5B69A3232C0B96490057123F /* UIColor+Extension.swift in Sources */,
				5B54A1792C1B348E000F7302 /* ProfileViewController.swift in Sources */,
				5B69A3092C0B626E0057123F /* AppDelegate.swift in Sources */,
				5BCA62312C1E178A007850E6 /* UIView+Extension.swift in Sources */,
				5B196CE22C30604D008C34EF /* OAuth2TokenStorage.swift in Sources */,
				5B7CFFCB2C42A6D400A43C4F /* ProfileService.swift in Sources */,
				5B196CD92C302408008C34EF /* WebViewViewController.swift in Sources */,
				5B69A30B2C0B626E0057123F /* SceneDelegate.swift in Sources */,
				5B7CFFCD2C43032100A43C4F /* ProfileImageService.swift in Sources */,
				5B196CE02C305F8E008C34EF /* OAuthTokenResponseBody.swift in Sources */,
				5B7CFFC92C429E6600A43C4F /* UIBlockingProgressHUD.swift in Sources */,
			);
			runOnlyForDeploymentPostprocessing = 0;
		};
/* End PBXSourcesBuildPhase section */

/* Begin PBXVariantGroup section */
		5B69A3132C0B626F0057123F /* LaunchScreen.storyboard */ = {
			isa = PBXVariantGroup;
			children = (
				5B69A3142C0B626F0057123F /* Base */,
			);
			name = LaunchScreen.storyboard;
			sourceTree = "<group>";
		};
/* End PBXVariantGroup section */

/* Begin XCBuildConfiguration section */
		5B69A3172C0B626F0057123F /* Debug */ = {
			isa = XCBuildConfiguration;
			buildSettings = {
				ALWAYS_SEARCH_USER_PATHS = NO;
				ASSETCATALOG_COMPILER_GENERATE_SWIFT_ASSET_SYMBOL_EXTENSIONS = YES;
				CLANG_ANALYZER_NONNULL = YES;
				CLANG_ANALYZER_NUMBER_OBJECT_CONVERSION = YES_AGGRESSIVE;
				CLANG_CXX_LANGUAGE_STANDARD = "gnu++20";
				CLANG_ENABLE_MODULES = YES;
				CLANG_ENABLE_OBJC_ARC = YES;
				CLANG_ENABLE_OBJC_WEAK = YES;
				CLANG_WARN_BLOCK_CAPTURE_AUTORELEASING = YES;
				CLANG_WARN_BOOL_CONVERSION = YES;
				CLANG_WARN_COMMA = YES;
				CLANG_WARN_CONSTANT_CONVERSION = YES;
				CLANG_WARN_DEPRECATED_OBJC_IMPLEMENTATIONS = YES;
				CLANG_WARN_DIRECT_OBJC_ISA_USAGE = YES_ERROR;
				CLANG_WARN_DOCUMENTATION_COMMENTS = YES;
				CLANG_WARN_EMPTY_BODY = YES;
				CLANG_WARN_ENUM_CONVERSION = YES;
				CLANG_WARN_INFINITE_RECURSION = YES;
				CLANG_WARN_INT_CONVERSION = YES;
				CLANG_WARN_NON_LITERAL_NULL_CONVERSION = YES;
				CLANG_WARN_OBJC_IMPLICIT_RETAIN_SELF = YES;
				CLANG_WARN_OBJC_LITERAL_CONVERSION = YES;
				CLANG_WARN_OBJC_ROOT_CLASS = YES_ERROR;
				CLANG_WARN_QUOTED_INCLUDE_IN_FRAMEWORK_HEADER = YES;
				CLANG_WARN_RANGE_LOOP_ANALYSIS = YES;
				CLANG_WARN_STRICT_PROTOTYPES = YES;
				CLANG_WARN_SUSPICIOUS_MOVE = YES;
				CLANG_WARN_UNGUARDED_AVAILABILITY = YES_AGGRESSIVE;
				CLANG_WARN_UNREACHABLE_CODE = YES;
				CLANG_WARN__DUPLICATE_METHOD_MATCH = YES;
				COPY_PHASE_STRIP = NO;
				DEBUG_INFORMATION_FORMAT = dwarf;
				ENABLE_STRICT_OBJC_MSGSEND = YES;
				ENABLE_TESTABILITY = YES;
				ENABLE_USER_SCRIPT_SANDBOXING = YES;
				GCC_C_LANGUAGE_STANDARD = gnu17;
				GCC_DYNAMIC_NO_PIC = NO;
				GCC_NO_COMMON_BLOCKS = YES;
				GCC_OPTIMIZATION_LEVEL = 0;
				GCC_PREPROCESSOR_DEFINITIONS = (
					"DEBUG=1",
					"$(inherited)",
				);
				GCC_WARN_64_TO_32_BIT_CONVERSION = YES;
				GCC_WARN_ABOUT_RETURN_TYPE = YES_ERROR;
				GCC_WARN_UNDECLARED_SELECTOR = YES;
				GCC_WARN_UNINITIALIZED_AUTOS = YES_AGGRESSIVE;
				GCC_WARN_UNUSED_FUNCTION = YES;
				GCC_WARN_UNUSED_VARIABLE = YES;
				IPHONEOS_DEPLOYMENT_TARGET = 17.5;
				LOCALIZATION_PREFERS_STRING_CATALOGS = YES;
				MTL_ENABLE_DEBUG_INFO = INCLUDE_SOURCE;
				MTL_FAST_MATH = YES;
				ONLY_ACTIVE_ARCH = YES;
				SDKROOT = iphoneos;
				SWIFT_ACTIVE_COMPILATION_CONDITIONS = "DEBUG $(inherited)";
				SWIFT_OPTIMIZATION_LEVEL = "-Onone";
			};
			name = Debug;
		};
		5B69A3182C0B626F0057123F /* Release */ = {
			isa = XCBuildConfiguration;
			buildSettings = {
				ALWAYS_SEARCH_USER_PATHS = NO;
				ASSETCATALOG_COMPILER_GENERATE_SWIFT_ASSET_SYMBOL_EXTENSIONS = YES;
				CLANG_ANALYZER_NONNULL = YES;
				CLANG_ANALYZER_NUMBER_OBJECT_CONVERSION = YES_AGGRESSIVE;
				CLANG_CXX_LANGUAGE_STANDARD = "gnu++20";
				CLANG_ENABLE_MODULES = YES;
				CLANG_ENABLE_OBJC_ARC = YES;
				CLANG_ENABLE_OBJC_WEAK = YES;
				CLANG_WARN_BLOCK_CAPTURE_AUTORELEASING = YES;
				CLANG_WARN_BOOL_CONVERSION = YES;
				CLANG_WARN_COMMA = YES;
				CLANG_WARN_CONSTANT_CONVERSION = YES;
				CLANG_WARN_DEPRECATED_OBJC_IMPLEMENTATIONS = YES;
				CLANG_WARN_DIRECT_OBJC_ISA_USAGE = YES_ERROR;
				CLANG_WARN_DOCUMENTATION_COMMENTS = YES;
				CLANG_WARN_EMPTY_BODY = YES;
				CLANG_WARN_ENUM_CONVERSION = YES;
				CLANG_WARN_INFINITE_RECURSION = YES;
				CLANG_WARN_INT_CONVERSION = YES;
				CLANG_WARN_NON_LITERAL_NULL_CONVERSION = YES;
				CLANG_WARN_OBJC_IMPLICIT_RETAIN_SELF = YES;
				CLANG_WARN_OBJC_LITERAL_CONVERSION = YES;
				CLANG_WARN_OBJC_ROOT_CLASS = YES_ERROR;
				CLANG_WARN_QUOTED_INCLUDE_IN_FRAMEWORK_HEADER = YES;
				CLANG_WARN_RANGE_LOOP_ANALYSIS = YES;
				CLANG_WARN_STRICT_PROTOTYPES = YES;
				CLANG_WARN_SUSPICIOUS_MOVE = YES;
				CLANG_WARN_UNGUARDED_AVAILABILITY = YES_AGGRESSIVE;
				CLANG_WARN_UNREACHABLE_CODE = YES;
				CLANG_WARN__DUPLICATE_METHOD_MATCH = YES;
				COPY_PHASE_STRIP = NO;
				DEBUG_INFORMATION_FORMAT = "dwarf-with-dsym";
				ENABLE_NS_ASSERTIONS = NO;
				ENABLE_STRICT_OBJC_MSGSEND = YES;
				ENABLE_USER_SCRIPT_SANDBOXING = YES;
				GCC_C_LANGUAGE_STANDARD = gnu17;
				GCC_NO_COMMON_BLOCKS = YES;
				GCC_WARN_64_TO_32_BIT_CONVERSION = YES;
				GCC_WARN_ABOUT_RETURN_TYPE = YES_ERROR;
				GCC_WARN_UNDECLARED_SELECTOR = YES;
				GCC_WARN_UNINITIALIZED_AUTOS = YES_AGGRESSIVE;
				GCC_WARN_UNUSED_FUNCTION = YES;
				GCC_WARN_UNUSED_VARIABLE = YES;
				IPHONEOS_DEPLOYMENT_TARGET = 17.5;
				LOCALIZATION_PREFERS_STRING_CATALOGS = YES;
				MTL_ENABLE_DEBUG_INFO = NO;
				MTL_FAST_MATH = YES;
				SDKROOT = iphoneos;
				SWIFT_COMPILATION_MODE = wholemodule;
				VALIDATE_PRODUCT = YES;
			};
			name = Release;
		};
		5B69A31A2C0B626F0057123F /* Debug */ = {
			isa = XCBuildConfiguration;
			buildSettings = {
				ASSETCATALOG_COMPILER_APPICON_NAME = AppIcon;
				ASSETCATALOG_COMPILER_GLOBAL_ACCENT_COLOR_NAME = AccentColor;
				CODE_SIGN_STYLE = Automatic;
				CURRENT_PROJECT_VERSION = 1;
				DEVELOPMENT_TEAM = 4Z6GQTMC99;
				GENERATE_INFOPLIST_FILE = YES;
				INFOPLIST_FILE = ImageFeed/Resources/Info.plist;
				INFOPLIST_KEY_UIApplicationSupportsIndirectInputEvents = YES;
				INFOPLIST_KEY_UILaunchStoryboardName = LaunchScreen;
				INFOPLIST_KEY_UISupportedInterfaceOrientations = UIInterfaceOrientationPortrait;
				IPHONEOS_DEPLOYMENT_TARGET = 13.0;
				LD_RUNPATH_SEARCH_PATHS = (
					"$(inherited)",
					"@executable_path/Frameworks",
				);
				MARKETING_VERSION = 1.0;
				PRODUCT_BUNDLE_IDENTIFIER = com.grinevich.ImageFeed;
				PRODUCT_NAME = "$(TARGET_NAME)";
				SUPPORTED_PLATFORMS = "iphoneos iphonesimulator";
				SUPPORTS_MACCATALYST = NO;
				SUPPORTS_MAC_DESIGNED_FOR_IPHONE_IPAD = NO;
				SUPPORTS_XR_DESIGNED_FOR_IPHONE_IPAD = NO;
				SWIFT_EMIT_LOC_STRINGS = YES;
				SWIFT_VERSION = 5.0;
				TARGETED_DEVICE_FAMILY = 1;
			};
			name = Debug;
		};
		5B69A31B2C0B626F0057123F /* Release */ = {
			isa = XCBuildConfiguration;
			buildSettings = {
				ASSETCATALOG_COMPILER_APPICON_NAME = AppIcon;
				ASSETCATALOG_COMPILER_GLOBAL_ACCENT_COLOR_NAME = AccentColor;
				CODE_SIGN_STYLE = Automatic;
				CURRENT_PROJECT_VERSION = 1;
				DEVELOPMENT_TEAM = 4Z6GQTMC99;
				GENERATE_INFOPLIST_FILE = YES;
				INFOPLIST_FILE = ImageFeed/Resources/Info.plist;
				INFOPLIST_KEY_UIApplicationSupportsIndirectInputEvents = YES;
				INFOPLIST_KEY_UILaunchStoryboardName = LaunchScreen;
				INFOPLIST_KEY_UISupportedInterfaceOrientations = UIInterfaceOrientationPortrait;
				IPHONEOS_DEPLOYMENT_TARGET = 13.0;
				LD_RUNPATH_SEARCH_PATHS = (
					"$(inherited)",
					"@executable_path/Frameworks",
				);
				MARKETING_VERSION = 1.0;
				PRODUCT_BUNDLE_IDENTIFIER = com.grinevich.ImageFeed;
				PRODUCT_NAME = "$(TARGET_NAME)";
				SUPPORTED_PLATFORMS = "iphoneos iphonesimulator";
				SUPPORTS_MACCATALYST = NO;
				SUPPORTS_MAC_DESIGNED_FOR_IPHONE_IPAD = NO;
				SUPPORTS_XR_DESIGNED_FOR_IPHONE_IPAD = NO;
				SWIFT_EMIT_LOC_STRINGS = YES;
				SWIFT_VERSION = 5.0;
				TARGETED_DEVICE_FAMILY = 1;
			};
			name = Release;
		};
/* End XCBuildConfiguration section */

/* Begin XCConfigurationList section */
		5B69A3002C0B626E0057123F /* Build configuration list for PBXProject "ImageFeed" */ = {
			isa = XCConfigurationList;
			buildConfigurations = (
				5B69A3172C0B626F0057123F /* Debug */,
				5B69A3182C0B626F0057123F /* Release */,
			);
			defaultConfigurationIsVisible = 0;
			defaultConfigurationName = Release;
		};
		5B69A3192C0B626F0057123F /* Build configuration list for PBXNativeTarget "ImageFeed" */ = {
			isa = XCConfigurationList;
			buildConfigurations = (
				5B69A31A2C0B626F0057123F /* Debug */,
				5B69A31B2C0B626F0057123F /* Release */,
			);
			defaultConfigurationIsVisible = 0;
			defaultConfigurationName = Release;
		};
/* End XCConfigurationList section */

/* Begin XCRemoteSwiftPackageReference section */
		5BB462F32C403AB2003672F9 /* XCRemoteSwiftPackageReference "ProgressHUD" */ = {
			isa = XCRemoteSwiftPackageReference;
			repositoryURL = "https://github.com/relatedcode/ProgressHUD";
			requirement = {
				kind = upToNextMajorVersion;
				minimumVersion = 14.1.3;
			};
		};
		5BC5A0882C4437DB009697F1 /* XCRemoteSwiftPackageReference "Kingfisher" */ = {
			isa = XCRemoteSwiftPackageReference;
			repositoryURL = "https://github.com/onevcat/Kingfisher.git";
			requirement = {
				kind = upToNextMajorVersion;
				minimumVersion = 7.12.0;
			};
		};
		5BFB30A32C44F62500E80746 /* XCRemoteSwiftPackageReference "SwiftKeychainWrapper" */ = {
			isa = XCRemoteSwiftPackageReference;
			repositoryURL = "https://github.com/jrendel/SwiftKeychainWrapper";
			requirement = {
				kind = upToNextMajorVersion;
				minimumVersion = 4.0.1;
			};
		};
/* End XCRemoteSwiftPackageReference section */

/* Begin XCSwiftPackageProductDependency section */
		5BB462F42C403AB2003672F9 /* ProgressHUD */ = {
			isa = XCSwiftPackageProductDependency;
			package = 5BB462F32C403AB2003672F9 /* XCRemoteSwiftPackageReference "ProgressHUD" */;
			productName = ProgressHUD;
		};
		5BC5A0892C4437DB009697F1 /* Kingfisher */ = {
			isa = XCSwiftPackageProductDependency;
			package = 5BC5A0882C4437DB009697F1 /* XCRemoteSwiftPackageReference "Kingfisher" */;
			productName = Kingfisher;
		};
		5BFB30A42C44F62500E80746 /* SwiftKeychainWrapper */ = {
			isa = XCSwiftPackageProductDependency;
			package = 5BFB30A32C44F62500E80746 /* XCRemoteSwiftPackageReference "SwiftKeychainWrapper" */;
			productName = SwiftKeychainWrapper;
		};
/* End XCSwiftPackageProductDependency section */
	};
	rootObject = 5B69A2FD2C0B626E0057123F /* Project object */;
}
